
Microsoft Visual Studio Solution File, Format Version 12.00
# Visual Studio Version 17
VisualStudioVersion = 17.11.35208.52
MinimumVisualStudioVersion = 10.0.40219.1
Project("{FAE04EC0-301F-11D3-BF4B-00C04F79EFBC}") = "Proje_1", "Proje_1\Proje_1.csproj", "{72A6964D-284A-4A39-B4E3-A12A41BC1161}"
EndProject
Global
	GlobalSection(SolutionConfigurationPlatforms) = preSolution
		Debug|Any CPU = Debug|Any CPU
		Release|Any CPU = Release|Any CPU
	EndGlobalSection
	GlobalSection(ProjectConfigurationPlatforms) = postSolution
		{72A6964D-284A-4A39-B4E3-A12A41BC1161}.Debug|Any CPU.ActiveCfg = Debug|Any CPU
		{72A6964D-284A-4A39-B4E3-A12A41BC1161}.Debug|Any CPU.Build.0 = Debug|Any CPU
		{72A6964D-284A-4A39-B4E3-A12A41BC1161}.Release|Any CPU.ActiveCfg = Release|Any CPU
		{72A6964D-284A-4A39-B4E3-A12A41BC1161}.Release|Any CPU.Build.0 = Release|Any CPU
	EndGlobalSection
	GlobalSection(SolutionProperties) = preSolution
		HideSolutionNode = FALSE
	EndGlobalSection
	GlobalSection(ExtensibilityGlobals) = postSolution
		SolutionGuid = {4E18ACC9-6595-4311-9885-260FFAB7628A}
	EndGlobalSection
EndGlobal
